
Microsoft Visual Studio Solution File, Format Version 12.00
# Visual Studio Version 17
VisualStudioVersion = 17.3.32922.545
MinimumVisualStudioVersion = 10.0.40219.1
Project("{9A19103F-16F7-4668-BE54-9A1E7A4F7556}") = "AM.ApplicationCore", "AM.ApplicationCore\AM.ApplicationCore.csproj", "{13BEAB18-4B7C-44F7-893E-EEADD9732FD1}"
EndProject
Project("{9A19103F-16F7-4668-BE54-9A1E7A4F7556}") = "Am.UI", "Am.UI\Am.UI.csproj", "{38DC72DC-6BD3-4033-830F-78A1CE3172B9}"
EndProject
Project("{FAE04EC0-301F-11D3-BF4B-00C04F79EFBC}") = "AM.Infrastructure", "AM.Infrastructure\AM.Infrastructure.csproj", "{0B3960BE-1CB5-4A17-9636-8151F7BEE6DB}"
EndProject
Global
	GlobalSection(SolutionConfigurationPlatforms) = preSolution
		Debug|Any CPU = Debug|Any CPU
		Release|Any CPU = Release|Any CPU
	EndGlobalSection
	GlobalSection(ProjectConfigurationPlatforms) = postSolution
		{13BEAB18-4B7C-44F7-893E-EEADD9732FD1}.Debug|Any CPU.ActiveCfg = Debug|Any CPU
		{13BEAB18-4B7C-44F7-893E-EEADD9732FD1}.Debug|Any CPU.Build.0 = Debug|Any CPU
		{13BEAB18-4B7C-44F7-893E-EEADD9732FD1}.Release|Any CPU.ActiveCfg = Release|Any CPU
		{13BEAB18-4B7C-44F7-893E-EEADD9732FD1}.Release|Any CPU.Build.0 = Release|Any CPU
		{38DC72DC-6BD3-4033-830F-78A1CE3172B9}.Debug|Any CPU.ActiveCfg = Debug|Any CPU
		{38DC72DC-6BD3-4033-830F-78A1CE3172B9}.Debug|Any CPU.Build.0 = Debug|Any CPU
		{38DC72DC-6BD3-4033-830F-78A1CE3172B9}.Release|Any CPU.ActiveCfg = Release|Any CPU
		{38DC72DC-6BD3-4033-830F-78A1CE3172B9}.Release|Any CPU.Build.0 = Release|Any CPU
		{0B3960BE-1CB5-4A17-9636-8151F7BEE6DB}.Debug|Any CPU.ActiveCfg = Debug|Any CPU
		{0B3960BE-1CB5-4A17-9636-8151F7BEE6DB}.Debug|Any CPU.Build.0 = Debug|Any CPU
		{0B3960BE-1CB5-4A17-9636-8151F7BEE6DB}.Release|Any CPU.ActiveCfg = Release|Any CPU
		{0B3960BE-1CB5-4A17-9636-8151F7BEE6DB}.Release|Any CPU.Build.0 = Release|Any CPU
	EndGlobalSection
	GlobalSection(SolutionProperties) = preSolution
		HideSolutionNode = FALSE
	EndGlobalSection
	GlobalSection(ExtensibilityGlobals) = postSolution
		SolutionGuid = {B7408A0D-A2AD-4242-B873-9B2B8542C3A6}
	EndGlobalSection
EndGlobal
